
Microsoft Visual Studio Solution File, Format Version 12.00
# Visual Studio 15
VisualStudioVersion = 15.0.26730.15
MinimumVisualStudioVersion = 10.0.40219.1
Project("{FAE04EC0-301F-11D3-BF4B-00C04F79EFBC}") = "Bot", "Bot\Bot.csproj", "{8699C487-BDA2-43B6-8039-AF34D5D80E39}"
EndProject
Project("{FAE04EC0-301F-11D3-BF4B-00C04F79EFBC}") = "ScreenshotTest", "ScreenshotTest\ScreenshotTest.csproj", "{D72B4093-6761-43AC-A97D-AED09F67DE8C}"
EndProject
Global
	GlobalSection(SolutionConfigurationPlatforms) = preSolution
		Debug|Any CPU = Debug|Any CPU
		Release|Any CPU = Release|Any CPU
	EndGlobalSection
	GlobalSection(ProjectConfigurationPlatforms) = postSolution
		{8699C487-BDA2-43B6-8039-AF34D5D80E39}.Debug|Any CPU.ActiveCfg = Debug|Any CPU
		{8699C487-BDA2-43B6-8039-AF34D5D80E39}.Debug|Any CPU.Build.0 = Debug|Any CPU
		{8699C487-BDA2-43B6-8039-AF34D5D80E39}.Release|Any CPU.ActiveCfg = Release|Any CPU
		{8699C487-BDA2-43B6-8039-AF34D5D80E39}.Release|Any CPU.Build.0 = Release|Any CPU
		{D72B4093-6761-43AC-A97D-AED09F67DE8C}.Debug|Any CPU.ActiveCfg = Debug|Any CPU
		{D72B4093-6761-43AC-A97D-AED09F67DE8C}.Debug|Any CPU.Build.0 = Debug|Any CPU
		{D72B4093-6761-43AC-A97D-AED09F67DE8C}.Release|Any CPU.ActiveCfg = Release|Any CPU
		{D72B4093-6761-43AC-A97D-AED09F67DE8C}.Release|Any CPU.Build.0 = Release|Any CPU
	EndGlobalSection
	GlobalSection(SolutionProperties) = preSolution
		HideSolutionNode = FALSE
	EndGlobalSection
	GlobalSection(ExtensibilityGlobals) = postSolution
		SolutionGuid = {CB0BCDEE-5FAF-4643-96C4-7D4C48934AA6}
	EndGlobalSection
EndGlobal
